
Microsoft Visual Studio Solution File, Format Version 12.00
#
Project("{FAE04EC0-301F-11D3-BF4B-00C04F79EFBC}") = "Furesoft.LowCode.Nodes.IO", "src\Nodes\Furesoft.LowCode.Nodes.IO\Furesoft.LowCode.Nodes.IO.csproj", "{B70813DA-E939-4626-BE32-D2A9DDC2604F}"
EndProject
Project("{2150E333-8FDC-42A3-9474-1A3956D46DE8}") = "Nodes", "Nodes", "{2C2DF358-D705-4340-818C-82BAF9418269}"
EndProject
Project("{FAE04EC0-301F-11D3-BF4B-00C04F79EFBC}") = "Furesoft.LowCode", "src\Core\Furesoft.LowCode\Furesoft.LowCode.csproj", "{257807C6-D407-4FF6-AF38-EE3BE668A65B}"
EndProject
Project("{FAE04EC0-301F-11D3-BF4B-00C04F79EFBC}") = "Furesoft.LowCode.Designer", "src\Core\Furesoft.LowCode.Designer\Furesoft.LowCode.Designer.csproj", "{68696D41-A95E-48D4-BC04-0C24FDA3B4EC}"
EndProject
Project("{FAE04EC0-301F-11D3-BF4B-00C04F79EFBC}") = "Furesoft.LowCode.Desktop", "src\Core\Furesoft.LowCode.Desktop\Furesoft.LowCode.Desktop.csproj", "{38A66893-E823-469E-B187-C8DD848A0DA3}"
EndProject
Project("{FAE04EC0-301F-11D3-BF4B-00C04F79EFBC}") = "Furesoft.LowCode.Editor", "src\Core\Furesoft.LowCode.Editor\Furesoft.LowCode.Editor.csproj", "{0571D077-3A1A-4E2F-A735-24BE54A20911}"
EndProject
Project("{FAE04EC0-301F-11D3-BF4B-00C04F79EFBC}") = "Furesoft.LowCode.Nodes.Network", "src\Nodes\Furesoft.LowCode.Nodes.Network\Furesoft.LowCode.Nodes.Network.csproj", "{65F76CE1-F957-4B80-A185-0D1870D17345}"
EndProject
Project("{FAE04EC0-301F-11D3-BF4B-00C04F79EFBC}") = "Furesoft.LowCode.Nodes.Network.REST", "src\Nodes\Furesoft.LowCode.Nodes.Network.REST\Furesoft.LowCode.Nodes.Network.REST.csproj", "{D8127C26-21EC-439E-86B2-466A85B4FA8D}"
EndProject
Project("{FAE04EC0-301F-11D3-BF4B-00C04F79EFBC}") = "Furesoft.LowCode.Nodes.RPA.Web", "src\Nodes\Furesoft.LowCode.Nodes.RPA.Web\Furesoft.LowCode.Nodes.RPA.Web.csproj", "{E184983C-2E4E-48B9-AAC4-BE3559C8B0FA}"
EndProject
Project("{FAE04EC0-301F-11D3-BF4B-00C04F79EFBC}") = "DockMvvmSample", "src\DockMvvmSample\DockMvvmSample.csproj", "{457D416D-DBF0-42AB-86C9-2596371DCDB9}"
EndProject
Global
	GlobalSection(SolutionConfigurationPlatforms) = preSolution
		Debug|Any CPU = Debug|Any CPU
		Release|Any CPU = Release|Any CPU
	EndGlobalSection
	GlobalSection(ProjectConfigurationPlatforms) = postSolution
		{B70813DA-E939-4626-BE32-D2A9DDC2604F}.Debug|Any CPU.ActiveCfg = Debug|Any CPU
		{B70813DA-E939-4626-BE32-D2A9DDC2604F}.Debug|Any CPU.Build.0 = Debug|Any CPU
		{B70813DA-E939-4626-BE32-D2A9DDC2604F}.Release|Any CPU.ActiveCfg = Release|Any CPU
		{B70813DA-E939-4626-BE32-D2A9DDC2604F}.Release|Any CPU.Build.0 = Release|Any CPU
		{257807C6-D407-4FF6-AF38-EE3BE668A65B}.Debug|Any CPU.ActiveCfg = Debug|Any CPU
		{257807C6-D407-4FF6-AF38-EE3BE668A65B}.Debug|Any CPU.Build.0 = Debug|Any CPU
		{257807C6-D407-4FF6-AF38-EE3BE668A65B}.Release|Any CPU.ActiveCfg = Release|Any CPU
		{257807C6-D407-4FF6-AF38-EE3BE668A65B}.Release|Any CPU.Build.0 = Release|Any CPU
		{68696D41-A95E-48D4-BC04-0C24FDA3B4EC}.Debug|Any CPU.ActiveCfg = Debug|Any CPU
		{68696D41-A95E-48D4-BC04-0C24FDA3B4EC}.Debug|Any CPU.Build.0 = Debug|Any CPU
		{68696D41-A95E-48D4-BC04-0C24FDA3B4EC}.Release|Any CPU.ActiveCfg = Release|Any CPU
		{68696D41-A95E-48D4-BC04-0C24FDA3B4EC}.Release|Any CPU.Build.0 = Release|Any CPU
		{38A66893-E823-469E-B187-C8DD848A0DA3}.Debug|Any CPU.ActiveCfg = Debug|Any CPU
		{38A66893-E823-469E-B187-C8DD848A0DA3}.Debug|Any CPU.Build.0 = Debug|Any CPU
		{38A66893-E823-469E-B187-C8DD848A0DA3}.Release|Any CPU.ActiveCfg = Release|Any CPU
		{38A66893-E823-469E-B187-C8DD848A0DA3}.Release|Any CPU.Build.0 = Release|Any CPU
		{0571D077-3A1A-4E2F-A735-24BE54A20911}.Debug|Any CPU.ActiveCfg = Debug|Any CPU
		{0571D077-3A1A-4E2F-A735-24BE54A20911}.Debug|Any CPU.Build.0 = Debug|Any CPU
		{0571D077-3A1A-4E2F-A735-24BE54A20911}.Release|Any CPU.ActiveCfg = Release|Any CPU
		{0571D077-3A1A-4E2F-A735-24BE54A20911}.Release|Any CPU.Build.0 = Release|Any CPU
		{65F76CE1-F957-4B80-A185-0D1870D17345}.Debug|Any CPU.ActiveCfg = Debug|Any CPU
		{65F76CE1-F957-4B80-A185-0D1870D17345}.Debug|Any CPU.Build.0 = Debug|Any CPU
		{65F76CE1-F957-4B80-A185-0D1870D17345}.Release|Any CPU.ActiveCfg = Release|Any CPU
		{65F76CE1-F957-4B80-A185-0D1870D17345}.Release|Any CPU.Build.0 = Release|Any CPU
		{D8127C26-21EC-439E-86B2-466A85B4FA8D}.Debug|Any CPU.ActiveCfg = Debug|Any CPU
		{D8127C26-21EC-439E-86B2-466A85B4FA8D}.Debug|Any CPU.Build.0 = Debug|Any CPU
		{D8127C26-21EC-439E-86B2-466A85B4FA8D}.Release|Any CPU.ActiveCfg = Release|Any CPU
		{D8127C26-21EC-439E-86B2-466A85B4FA8D}.Release|Any CPU.Build.0 = Release|Any CPU
		{E184983C-2E4E-48B9-AAC4-BE3559C8B0FA}.Debug|Any CPU.ActiveCfg = Debug|Any CPU
		{E184983C-2E4E-48B9-AAC4-BE3559C8B0FA}.Debug|Any CPU.Build.0 = Debug|Any CPU
		{E184983C-2E4E-48B9-AAC4-BE3559C8B0FA}.Release|Any CPU.ActiveCfg = Release|Any CPU
		{E184983C-2E4E-48B9-AAC4-BE3559C8B0FA}.Release|Any CPU.Build.0 = Release|Any CPU
		{457D416D-DBF0-42AB-86C9-2596371DCDB9}.Debug|Any CPU.ActiveCfg = Debug|Any CPU
		{457D416D-DBF0-42AB-86C9-2596371DCDB9}.Debug|Any CPU.Build.0 = Debug|Any CPU
		{457D416D-DBF0-42AB-86C9-2596371DCDB9}.Release|Any CPU.ActiveCfg = Release|Any CPU
		{457D416D-DBF0-42AB-86C9-2596371DCDB9}.Release|Any CPU.Build.0 = Release|Any CPU
	EndGlobalSection
	GlobalSection(NestedProjects) = preSolution
		{B70813DA-E939-4626-BE32-D2A9DDC2604F} = {2C2DF358-D705-4340-818C-82BAF9418269}
		{65F76CE1-F957-4B80-A185-0D1870D17345} = {2C2DF358-D705-4340-818C-82BAF9418269}
		{D8127C26-21EC-439E-86B2-466A85B4FA8D} = {2C2DF358-D705-4340-818C-82BAF9418269}
		{E184983C-2E4E-48B9-AAC4-BE3559C8B0FA} = {2C2DF358-D705-4340-818C-82BAF9418269}
	EndGlobalSection
EndGlobal
