
Microsoft Visual Studio Solution File, Format Version 12.00
#
Project("{FAE04EC0-301F-11D3-BF4B-00C04F79EFBC}") = "Furesoft.LowCode.Nodes.IO", "src\Nodes\Furesoft.LowCode.Nodes.IO\Furesoft.LowCode.Nodes.IO.csproj", "{B70813DA-E939-4626-BE32-D2A9DDC2604F}"
EndProject
Project("{2150E333-8FDC-42A3-9474-1A3956D46DE8}") = "Nodes", "Nodes", "{2C2DF358-D705-4340-818C-82BAF9418269}"
EndProject
Project("{FAE04EC0-301F-11D3-BF4B-00C04F79EFBC}") = "Furesoft.LowCode", "src\Core\Furesoft.LowCode\Furesoft.LowCode.csproj", "{257807C6-D407-4FF6-AF38-EE3BE668A65B}"
EndProject
Project("{FAE04EC0-301F-11D3-BF4B-00C04F79EFBC}") = "Furesoft.LowCode.Desktop", "src\Core\Furesoft.LowCode.Desktop\Furesoft.LowCode.Desktop.csproj", "{38A66893-E823-469E-B187-C8DD848A0DA3}"
EndProject
Project("{FAE04EC0-301F-11D3-BF4B-00C04F79EFBC}") = "Furesoft.LowCode.Nodes.Network", "src\Nodes\Furesoft.LowCode.Nodes.Network\Furesoft.LowCode.Nodes.Network.csproj", "{65F76CE1-F957-4B80-A185-0D1870D17345}"
EndProject
Project("{FAE04EC0-301F-11D3-BF4B-00C04F79EFBC}") = "Furesoft.LowCode.Nodes.Network.REST", "src\Nodes\Furesoft.LowCode.Nodes.Network.REST\Furesoft.LowCode.Nodes.Network.REST.csproj", "{D8127C26-21EC-439E-86B2-466A85B4FA8D}"
EndProject
Project("{FAE04EC0-301F-11D3-BF4B-00C04F79EFBC}") = "Furesoft.LowCode.Nodes.RPA.Web", "src\Nodes\Furesoft.LowCode.Nodes.RPA.Web\Furesoft.LowCode.Nodes.RPA.Web.csproj", "{E184983C-2E4E-48B9-AAC4-BE3559C8B0FA}"
EndProject
Project("{FAE04EC0-301F-11D3-BF4B-00C04F79EFBC}") = "Furesoft.LowCode.Nodes.Scheduling", "src\Nodes\Furesoft.LowCode.Nodes.Scheduling\Furesoft.LowCode.Nodes.Scheduling.csproj", "{73D24E72-AE94-49E5-8971-6E164342C418}"
EndProject
Project("{FAE04EC0-301F-11D3-BF4B-00C04F79EFBC}") = "Furesoft.LowCode.Nodes.Queue", "src\Nodes\Furesoft.LowCode.Nodes.Queue\Furesoft.LowCode.Nodes.Queue.csproj", "{29957E57-C0B0-4BBD-9806-7E249C4C9334}"
EndProject
Project("{FAE04EC0-301F-11D3-BF4B-00C04F79EFBC}") = "Furesoft.LowCode.Nodes.IO.Archives", "src\Nodes\Furesoft.LowCode.Nodes.IO.Archives\Furesoft.LowCode.Nodes.IO.Archives.csproj", "{71C6104F-0D75-4E55-9336-C5DA2326DCE3}"
EndProject
Project("{FAE04EC0-301F-11D3-BF4B-00C04F79EFBC}") = "Furesoft.LowCode.Nodes.Data.CSV", "src\Nodes\Furesoft.LowCode.Nodes.Data.CSV\Furesoft.LowCode.Nodes.Data.CSV.csproj", "{00BB2A0C-0791-461A-B6A8-7D7A3700336E}"
EndProject
Project("{FAE04EC0-301F-11D3-BF4B-00C04F79EFBC}") = "TestProject", "TestProject\TestProject.csproj", "{4D80705C-E7E1-43EB-BC92-6751C96ED0C8}"
EndProject
Project("{FAE04EC0-301F-11D3-BF4B-00C04F79EFBC}") = "RunlyRunner", "src\Runner\RunlyRunner\RunlyRunner.csproj", "{AA861E99-5500-4C9B-97D2-F2B91948FA16}"
EndProject
Project("{2150E333-8FDC-42A3-9474-1A3956D46DE8}") = "Runner", "Runner", "{678616B6-9BA0-4FB4-9FE1-CA576EDAA950}"
EndProject
Project("{FAE04EC0-301F-11D3-BF4B-00C04F79EFBC}") = "Furesoft.LowCode.Nodes.IO.Linq", "src\Nodes\Furesoft.LowCode.Nodes.IO.Linq\Furesoft.LowCode.Nodes.IO.Linq.csproj", "{7014E22C-89B1-43F5-A1E9-88EA9B6EEB7B}"
EndProject
Project("{FAE04EC0-301F-11D3-BF4B-00C04F79EFBC}") = "Furesoft.LowCode.Nodes.Data.Office", "src\Nodes\Furesoft.LowCode.Nodes.Data.Office\Furesoft.LowCode.Nodes.Data.Office.csproj", "{6C5E559D-E33B-44B6-B8EE-D2F7A8CEC3EC}"
EndProject
Project("{2150E333-8FDC-42A3-9474-1A3956D46DE8}") = "Data", "Data", "{588F0A0E-8E84-41A3-9F8E-9A67A0461BB4}"
EndProject
Project("{2150E333-8FDC-42A3-9474-1A3956D46DE8}") = "Network", "Network", "{5D6A062C-E6CD-4177-A48E-1D5B64727555}"
EndProject
Project("{FAE04EC0-301F-11D3-BF4B-00C04F79EFBC}") = "Furesoft.LowCode.Nodes.Data.XML", "src\Nodes\Furesoft.LowCode.Nodes.Data.XML\Furesoft.LowCode.Nodes.Data.XML.csproj", "{D85C9D67-DFD9-452B-BE06-FEEC22E5A517}"
EndProject
Project("{FAE04EC0-301F-11D3-BF4B-00C04F79EFBC}") = "Furesoft.LowCode.Nodes.Data.Dbf", "src\Nodes\Furesoft.LowCode.Nodes.Data.Dbf\Furesoft.LowCode.Nodes.Data.Dbf.csproj", "{14762B7E-B54A-4C0E-A41D-FAA02C248939}"
EndProject
Project("{FAE04EC0-301F-11D3-BF4B-00C04F79EFBC}") = "Furesoft.LowCode.Nodes.Imaging", "src\Nodes\Furesoft.LowCode.Nodes.Imaging\Furesoft.LowCode.Nodes.Imaging.csproj", "{CE4870D8-4A45-423A-B513-7B59D553AF58}"
EndProject
Project("{2150E333-8FDC-42A3-9474-1A3956D46DE8}") = "IO", "IO", "{7EDB16D9-158A-49DE-9B99-689B4D270166}"
EndProject
Project("{FAE04EC0-301F-11D3-BF4B-00C04F79EFBC}") = "Furesoft.LowCode.Browser", "src\Core\Furesoft.LowCode.Browser\Furesoft.LowCode.Browser.csproj", "{4259C58E-A172-420D-A516-C81931AF3BB2}"
EndProject
Global
	GlobalSection(SolutionConfigurationPlatforms) = preSolution
		Debug|Any CPU = Debug|Any CPU
		Release|Any CPU = Release|Any CPU
	EndGlobalSection
	GlobalSection(ProjectConfigurationPlatforms) = postSolution
		{B70813DA-E939-4626-BE32-D2A9DDC2604F}.Debug|Any CPU.ActiveCfg = Debug|Any CPU
		{B70813DA-E939-4626-BE32-D2A9DDC2604F}.Debug|Any CPU.Build.0 = Debug|Any CPU
		{B70813DA-E939-4626-BE32-D2A9DDC2604F}.Release|Any CPU.ActiveCfg = Release|Any CPU
		{B70813DA-E939-4626-BE32-D2A9DDC2604F}.Release|Any CPU.Build.0 = Release|Any CPU
		{257807C6-D407-4FF6-AF38-EE3BE668A65B}.Debug|Any CPU.ActiveCfg = Debug|Any CPU
		{257807C6-D407-4FF6-AF38-EE3BE668A65B}.Debug|Any CPU.Build.0 = Debug|Any CPU
		{257807C6-D407-4FF6-AF38-EE3BE668A65B}.Release|Any CPU.ActiveCfg = Release|Any CPU
		{257807C6-D407-4FF6-AF38-EE3BE668A65B}.Release|Any CPU.Build.0 = Release|Any CPU
		{38A66893-E823-469E-B187-C8DD848A0DA3}.Debug|Any CPU.ActiveCfg = Debug|Any CPU
		{38A66893-E823-469E-B187-C8DD848A0DA3}.Debug|Any CPU.Build.0 = Debug|Any CPU
		{38A66893-E823-469E-B187-C8DD848A0DA3}.Release|Any CPU.ActiveCfg = Release|Any CPU
		{38A66893-E823-469E-B187-C8DD848A0DA3}.Release|Any CPU.Build.0 = Release|Any CPU
		{65F76CE1-F957-4B80-A185-0D1870D17345}.Debug|Any CPU.ActiveCfg = Debug|Any CPU
		{65F76CE1-F957-4B80-A185-0D1870D17345}.Debug|Any CPU.Build.0 = Debug|Any CPU
		{65F76CE1-F957-4B80-A185-0D1870D17345}.Release|Any CPU.ActiveCfg = Release|Any CPU
		{65F76CE1-F957-4B80-A185-0D1870D17345}.Release|Any CPU.Build.0 = Release|Any CPU
		{D8127C26-21EC-439E-86B2-466A85B4FA8D}.Debug|Any CPU.ActiveCfg = Debug|Any CPU
		{D8127C26-21EC-439E-86B2-466A85B4FA8D}.Debug|Any CPU.Build.0 = Debug|Any CPU
		{D8127C26-21EC-439E-86B2-466A85B4FA8D}.Release|Any CPU.ActiveCfg = Release|Any CPU
		{D8127C26-21EC-439E-86B2-466A85B4FA8D}.Release|Any CPU.Build.0 = Release|Any CPU
		{E184983C-2E4E-48B9-AAC4-BE3559C8B0FA}.Debug|Any CPU.ActiveCfg = Debug|Any CPU
		{E184983C-2E4E-48B9-AAC4-BE3559C8B0FA}.Debug|Any CPU.Build.0 = Debug|Any CPU
		{E184983C-2E4E-48B9-AAC4-BE3559C8B0FA}.Release|Any CPU.ActiveCfg = Release|Any CPU
		{E184983C-2E4E-48B9-AAC4-BE3559C8B0FA}.Release|Any CPU.Build.0 = Release|Any CPU
		{29957E57-C0B0-4BBD-9806-7E249C4C9334}.Debug|Any CPU.ActiveCfg = Debug|Any CPU
		{29957E57-C0B0-4BBD-9806-7E249C4C9334}.Debug|Any CPU.Build.0 = Debug|Any CPU
		{29957E57-C0B0-4BBD-9806-7E249C4C9334}.Release|Any CPU.ActiveCfg = Release|Any CPU
		{29957E57-C0B0-4BBD-9806-7E249C4C9334}.Release|Any CPU.Build.0 = Release|Any CPU
		{71C6104F-0D75-4E55-9336-C5DA2326DCE3}.Debug|Any CPU.ActiveCfg = Debug|Any CPU
		{71C6104F-0D75-4E55-9336-C5DA2326DCE3}.Debug|Any CPU.Build.0 = Debug|Any CPU
		{71C6104F-0D75-4E55-9336-C5DA2326DCE3}.Release|Any CPU.ActiveCfg = Release|Any CPU
		{71C6104F-0D75-4E55-9336-C5DA2326DCE3}.Release|Any CPU.Build.0 = Release|Any CPU
		{73D24E72-AE94-49E5-8971-6E164342C418}.Debug|Any CPU.ActiveCfg = Debug|Any CPU
		{73D24E72-AE94-49E5-8971-6E164342C418}.Debug|Any CPU.Build.0 = Debug|Any CPU
		{00BB2A0C-0791-461A-B6A8-7D7A3700336E}.Debug|Any CPU.ActiveCfg = Debug|Any CPU
		{00BB2A0C-0791-461A-B6A8-7D7A3700336E}.Debug|Any CPU.Build.0 = Debug|Any CPU
		{00BB2A0C-0791-461A-B6A8-7D7A3700336E}.Release|Any CPU.ActiveCfg = Release|Any CPU
		{00BB2A0C-0791-461A-B6A8-7D7A3700336E}.Release|Any CPU.Build.0 = Release|Any CPU
		{4D80705C-E7E1-43EB-BC92-6751C96ED0C8}.Debug|Any CPU.ActiveCfg = Debug|Any CPU
		{4D80705C-E7E1-43EB-BC92-6751C96ED0C8}.Debug|Any CPU.Build.0 = Debug|Any CPU
		{4D80705C-E7E1-43EB-BC92-6751C96ED0C8}.Release|Any CPU.ActiveCfg = Release|Any CPU
		{4D80705C-E7E1-43EB-BC92-6751C96ED0C8}.Release|Any CPU.Build.0 = Release|Any CPU
		{AA861E99-5500-4C9B-97D2-F2B91948FA16}.Debug|Any CPU.ActiveCfg = Debug|Any CPU
		{AA861E99-5500-4C9B-97D2-F2B91948FA16}.Debug|Any CPU.Build.0 = Debug|Any CPU
		{AA861E99-5500-4C9B-97D2-F2B91948FA16}.Release|Any CPU.ActiveCfg = Release|Any CPU
		{AA861E99-5500-4C9B-97D2-F2B91948FA16}.Release|Any CPU.Build.0 = Release|Any CPU
		{7014E22C-89B1-43F5-A1E9-88EA9B6EEB7B}.Debug|Any CPU.ActiveCfg = Debug|Any CPU
		{7014E22C-89B1-43F5-A1E9-88EA9B6EEB7B}.Debug|Any CPU.Build.0 = Debug|Any CPU
		{7014E22C-89B1-43F5-A1E9-88EA9B6EEB7B}.Release|Any CPU.ActiveCfg = Release|Any CPU
		{7014E22C-89B1-43F5-A1E9-88EA9B6EEB7B}.Release|Any CPU.Build.0 = Release|Any CPU
		{6C5E559D-E33B-44B6-B8EE-D2F7A8CEC3EC}.Debug|Any CPU.ActiveCfg = Debug|Any CPU
		{6C5E559D-E33B-44B6-B8EE-D2F7A8CEC3EC}.Debug|Any CPU.Build.0 = Debug|Any CPU
		{6C5E559D-E33B-44B6-B8EE-D2F7A8CEC3EC}.Release|Any CPU.ActiveCfg = Release|Any CPU
		{6C5E559D-E33B-44B6-B8EE-D2F7A8CEC3EC}.Release|Any CPU.Build.0 = Release|Any CPU
		{D85C9D67-DFD9-452B-BE06-FEEC22E5A517}.Debug|Any CPU.ActiveCfg = Debug|Any CPU
		{D85C9D67-DFD9-452B-BE06-FEEC22E5A517}.Debug|Any CPU.Build.0 = Debug|Any CPU
		{D85C9D67-DFD9-452B-BE06-FEEC22E5A517}.Release|Any CPU.ActiveCfg = Release|Any CPU
		{D85C9D67-DFD9-452B-BE06-FEEC22E5A517}.Release|Any CPU.Build.0 = Release|Any CPU
		{14762B7E-B54A-4C0E-A41D-FAA02C248939}.Debug|Any CPU.ActiveCfg = Debug|Any CPU
		{14762B7E-B54A-4C0E-A41D-FAA02C248939}.Debug|Any CPU.Build.0 = Debug|Any CPU
		{14762B7E-B54A-4C0E-A41D-FAA02C248939}.Release|Any CPU.ActiveCfg = Release|Any CPU
		{14762B7E-B54A-4C0E-A41D-FAA02C248939}.Release|Any CPU.Build.0 = Release|Any CPU
		{CE4870D8-4A45-423A-B513-7B59D553AF58}.Debug|Any CPU.ActiveCfg = Debug|Any CPU
		{CE4870D8-4A45-423A-B513-7B59D553AF58}.Debug|Any CPU.Build.0 = Debug|Any CPU
		{CE4870D8-4A45-423A-B513-7B59D553AF58}.Release|Any CPU.ActiveCfg = Release|Any CPU
		{CE4870D8-4A45-423A-B513-7B59D553AF58}.Release|Any CPU.Build.0 = Release|Any CPU
		{4259C58E-A172-420D-A516-C81931AF3BB2}.Debug|Any CPU.ActiveCfg = Debug|Any CPU
		{4259C58E-A172-420D-A516-C81931AF3BB2}.Debug|Any CPU.Build.0 = Debug|Any CPU
		{4259C58E-A172-420D-A516-C81931AF3BB2}.Release|Any CPU.ActiveCfg = Release|Any CPU
		{4259C58E-A172-420D-A516-C81931AF3BB2}.Release|Any CPU.Build.0 = Release|Any CPU
	EndGlobalSection
	GlobalSection(NestedProjects) = preSolution
		{E184983C-2E4E-48B9-AAC4-BE3559C8B0FA} = {2C2DF358-D705-4340-818C-82BAF9418269}
		{73D24E72-AE94-49E5-8971-6E164342C418} = {2C2DF358-D705-4340-818C-82BAF9418269}
		{29957E57-C0B0-4BBD-9806-7E249C4C9334} = {2C2DF358-D705-4340-818C-82BAF9418269}
		{AA861E99-5500-4C9B-97D2-F2B91948FA16} = {678616B6-9BA0-4FB4-9FE1-CA576EDAA950}
		{588F0A0E-8E84-41A3-9F8E-9A67A0461BB4} = {2C2DF358-D705-4340-818C-82BAF9418269}
		{00BB2A0C-0791-461A-B6A8-7D7A3700336E} = {588F0A0E-8E84-41A3-9F8E-9A67A0461BB4}
		{6C5E559D-E33B-44B6-B8EE-D2F7A8CEC3EC} = {588F0A0E-8E84-41A3-9F8E-9A67A0461BB4}
		{5D6A062C-E6CD-4177-A48E-1D5B64727555} = {2C2DF358-D705-4340-818C-82BAF9418269}
		{65F76CE1-F957-4B80-A185-0D1870D17345} = {5D6A062C-E6CD-4177-A48E-1D5B64727555}
		{D8127C26-21EC-439E-86B2-466A85B4FA8D} = {5D6A062C-E6CD-4177-A48E-1D5B64727555}
		{D85C9D67-DFD9-452B-BE06-FEEC22E5A517} = {588F0A0E-8E84-41A3-9F8E-9A67A0461BB4}
		{14762B7E-B54A-4C0E-A41D-FAA02C248939} = {588F0A0E-8E84-41A3-9F8E-9A67A0461BB4}
		{CE4870D8-4A45-423A-B513-7B59D553AF58} = {2C2DF358-D705-4340-818C-82BAF9418269}
		{7EDB16D9-158A-49DE-9B99-689B4D270166} = {2C2DF358-D705-4340-818C-82BAF9418269}
		{B70813DA-E939-4626-BE32-D2A9DDC2604F} = {7EDB16D9-158A-49DE-9B99-689B4D270166}
		{71C6104F-0D75-4E55-9336-C5DA2326DCE3} = {7EDB16D9-158A-49DE-9B99-689B4D270166}
		{7014E22C-89B1-43F5-A1E9-88EA9B6EEB7B} = {7EDB16D9-158A-49DE-9B99-689B4D270166}
	EndGlobalSection
EndGlobal
